{
  "version": 4,
  "terraform_version": "1.9.5",
  "serial": 27,
  "lineage": "4a401f4f-1966-4692-00ee-fe6a75f2cbd6",
  "outputs": {
    "droplet_ip": {
      "value": "167.99.217.97",
      "type": "string"
    }
  },
  "resources": [
    {
      "mode": "managed",
      "type": "digitalocean_droplet",
      "name": "ubuntu_instance",
      "provider": "provider[\"registry.terraform.io/digitalocean/digitalocean\"]",
      "instances": [
        {
          "schema_version": 1,
          "attributes": {
            "backups": false,
            "created_at": "2024-08-29T07:25:51Z",
            "disk": 25,
            "droplet_agent": null,
            "graceful_shutdown": false,
            "id": "441941344",
            "image": "ubuntu-24-04-x64",
            "ipv4_address": "167.99.217.97",
            "ipv4_address_private": "10.110.0.2",
            "ipv6": false,
            "ipv6_address": "",
            "locked": false,
            "memory": 1024,
            "monitoring": false,
            "name": "ubuntu-smallest-instance",
            "price_hourly": 0.00893,
            "price_monthly": 6,
            "private_networking": true,
            "region": "ams3",
            "resize_disk": true,
            "size": "s-1vcpu-1gb",
            "ssh_keys": [
              "43205348"
            ],
            "status": "active",
            "tags": null,
            "timeouts": null,
            "urn": "do:droplet:441941344",
            "user_data": null,
            "vcpus": 1,
            "volume_ids": [],
            "vpc_uuid": "ebae327c-f161-4aa7-b50d-8102a0bdbf35"
          },
          "sensitive_attributes": [],
          "private": "eyJlMmJmYjczMC1lY2FhLTExZTYtOGY4OC0zNDM2M2JjN2M0YzAiOnsiY3JlYXRlIjozNjAwMDAwMDAwMDAwLCJkZWxldGUiOjYwMDAwMDAwMDAwLCJ1cGRhdGUiOjM2MDAwMDAwMDAwMDB9LCJzY2hlbWFfdmVyc2lvbiI6IjEifQ==",
          "dependencies": [
            "digitalocean_ssh_key.terraform"
          ]
        }
      ]
    },
    {
      "mode": "managed",
      "type": "digitalocean_ssh_key",
      "name": "terraform",
      "provider": "provider[\"registry.terraform.io/digitalocean/digitalocean\"]",
      "instances": [
        {
          "schema_version": 0,
          "attributes": {
            "fingerprint": "b9:b3:22:3a:2d:07:86:5d:b9:bc:e9:80:de:93:4f:43",
            "id": "43205348",
            "name": "keenan-terraform",
            "public_key": "ssh-ed25519 AAAAC3NzaC1lZDI1NTE5AAAAIOBMhrag7kyLiLUl6f3l/Uebtgx+0tl2864KrnOdiDnt klinsly@gmail.com\n"
          },
          "sensitive_attributes": [],
          "private": "bnVsbA=="
        }
      ]
    },
    {
      "mode": "managed",
      "type": "local_file",
      "name": "hosts_cfg",
      "provider": "provider[\"registry.terraform.io/hashicorp/local\"]",
      "instances": [
        {
          "schema_version": 0,
          "attributes": {
            "content": "[webservers]\napp-server-1 ansible_host=167.99.217.97\n\n[all:vars]\nansible_python_interpreter=/usr/bin/python3",
            "content_base64": null,
            "content_base64sha256": "BJrLPrODTw3dfutRtFYygJufzNOcGMJWZzOSHqJOIKM=",
            "content_base64sha512": "TY6KZhf3QZbJpfojGZPhRGrjb5rQr/Mp4/COAnZqTzUO51oHyTChgfz5Lenig84bIVk5Dhl5Ofxsgm0wNPHm5A==",
            "content_md5": "95638ec575207f993c001187c7489e74",
            "content_sha1": "c2c7a9fe5875e4c4b592d16bf29a6120ecc559f2",
            "content_sha256": "049acb3eb3834f0ddd7eeb51b45632809b9fccd39c18c2566733921ea24e20a3",
            "content_sha512": "4d8e8a6617f74196c9a5fa231993e1446ae36f9ad0aff329e3f08e02766a4f350ee75a07c930a181fcf92de9e283ce1b2159390e197939fc6c826d3034f1e6e4",
            "directory_permission": "0777",
            "file_permission": "0777",
            "filename": "./ansible/hosts.cfg",
            "id": "c2c7a9fe5875e4c4b592d16bf29a6120ecc559f2",
            "sensitive_content": null,
            "source": null
          },
          "sensitive_attributes": [
            [
              {
                "type": "get_attr",
                "value": "sensitive_content"
              }
            ]
          ],
          "dependencies": [
            "digitalocean_droplet.ubuntu_instance",
            "digitalocean_ssh_key.terraform"
          ]
        }
      ]
    }
  ],
  "check_results": null
}
